
Microsoft Visual Studio Solution File, Format Version 12.00
# Visual Studio Version 17
VisualStudioVersion = 17.1.32319.34
MinimumVisualStudioVersion = 10.0.40219.1
Project("{9A19103F-16F7-4668-BE54-9A1E7A4F7556}") = "MiddlewareApp", "MiddlewareApp\MiddlewareApp.csproj", "{9D94E993-D1E1-4B6B-BF67-7072506694E5}"
EndProject
Project("{9A19103F-16F7-4668-BE54-9A1E7A4F7556}") = "MiddlewareWebApi", "MiddlewareWebApi\MiddlewareWebApi.csproj", "{A4981E43-1037-45A9-BADF-639986597A2E}"
EndProject
Project("{9A19103F-16F7-4668-BE54-9A1E7A4F7556}") = "ConfigurationApp", "ConfigurationApp\ConfigurationApp.csproj", "{F5F64FF6-3454-4D09-AE90-29F08AA3884B}"
EndProject
Project("{9A19103F-16F7-4668-BE54-9A1E7A4F7556}") = "LoggingApp", "LoggingApp\LoggingApp.csproj", "{BE9269E5-BA97-47A4-ABDE-B5DD8A43B7E0}"
EndProject
Project("{9A19103F-16F7-4668-BE54-9A1E7A4F7556}") = "RoutingApp", "RoutingApp\RoutingApp.csproj", "{9CF6CA4D-0EAF-4D44-A328-253496307E4C}"
EndProject
Project("{FAE04EC0-301F-11D3-BF4B-00C04F79EFBC}") = "ModelBindingApp", "ModelBindingApp\ModelBindingApp.csproj", "{158E7161-CC0A-458E-9019-12452637A3C3}"
EndProject
Global
	GlobalSection(SolutionConfigurationPlatforms) = preSolution
		Debug|Any CPU = Debug|Any CPU
		Release|Any CPU = Release|Any CPU
	EndGlobalSection
	GlobalSection(ProjectConfigurationPlatforms) = postSolution
		{9D94E993-D1E1-4B6B-BF67-7072506694E5}.Debug|Any CPU.ActiveCfg = Debug|Any CPU
		{9D94E993-D1E1-4B6B-BF67-7072506694E5}.Debug|Any CPU.Build.0 = Debug|Any CPU
		{9D94E993-D1E1-4B6B-BF67-7072506694E5}.Release|Any CPU.ActiveCfg = Release|Any CPU
		{9D94E993-D1E1-4B6B-BF67-7072506694E5}.Release|Any CPU.Build.0 = Release|Any CPU
		{A4981E43-1037-45A9-BADF-639986597A2E}.Debug|Any CPU.ActiveCfg = Debug|Any CPU
		{A4981E43-1037-45A9-BADF-639986597A2E}.Debug|Any CPU.Build.0 = Debug|Any CPU
		{A4981E43-1037-45A9-BADF-639986597A2E}.Release|Any CPU.ActiveCfg = Release|Any CPU
		{A4981E43-1037-45A9-BADF-639986597A2E}.Release|Any CPU.Build.0 = Release|Any CPU
		{F5F64FF6-3454-4D09-AE90-29F08AA3884B}.Debug|Any CPU.ActiveCfg = Debug|Any CPU
		{F5F64FF6-3454-4D09-AE90-29F08AA3884B}.Debug|Any CPU.Build.0 = Debug|Any CPU
		{F5F64FF6-3454-4D09-AE90-29F08AA3884B}.Release|Any CPU.ActiveCfg = Release|Any CPU
		{F5F64FF6-3454-4D09-AE90-29F08AA3884B}.Release|Any CPU.Build.0 = Release|Any CPU
		{BE9269E5-BA97-47A4-ABDE-B5DD8A43B7E0}.Debug|Any CPU.ActiveCfg = Debug|Any CPU
		{BE9269E5-BA97-47A4-ABDE-B5DD8A43B7E0}.Debug|Any CPU.Build.0 = Debug|Any CPU
		{BE9269E5-BA97-47A4-ABDE-B5DD8A43B7E0}.Release|Any CPU.ActiveCfg = Release|Any CPU
		{BE9269E5-BA97-47A4-ABDE-B5DD8A43B7E0}.Release|Any CPU.Build.0 = Release|Any CPU
		{9CF6CA4D-0EAF-4D44-A328-253496307E4C}.Debug|Any CPU.ActiveCfg = Debug|Any CPU
		{9CF6CA4D-0EAF-4D44-A328-253496307E4C}.Debug|Any CPU.Build.0 = Debug|Any CPU
		{9CF6CA4D-0EAF-4D44-A328-253496307E4C}.Release|Any CPU.ActiveCfg = Release|Any CPU
		{9CF6CA4D-0EAF-4D44-A328-253496307E4C}.Release|Any CPU.Build.0 = Release|Any CPU
		{158E7161-CC0A-458E-9019-12452637A3C3}.Debug|Any CPU.ActiveCfg = Debug|Any CPU
		{158E7161-CC0A-458E-9019-12452637A3C3}.Debug|Any CPU.Build.0 = Debug|Any CPU
		{158E7161-CC0A-458E-9019-12452637A3C3}.Release|Any CPU.ActiveCfg = Release|Any CPU
		{158E7161-CC0A-458E-9019-12452637A3C3}.Release|Any CPU.Build.0 = Release|Any CPU
	EndGlobalSection
	GlobalSection(SolutionProperties) = preSolution
		HideSolutionNode = FALSE
	EndGlobalSection
	GlobalSection(ExtensibilityGlobals) = postSolution
		SolutionGuid = {A086B85F-F56F-497A-87C4-4572E4D46F52}
	EndGlobalSection
EndGlobal
