
Microsoft Visual Studio Solution File, Format Version 12.00
# Visual Studio Version 17
VisualStudioVersion = 17.1.32319.34
MinimumVisualStudioVersion = 10.0.40219.1
Project("{9A19103F-16F7-4668-BE54-9A1E7A4F7556}") = "MiddlewareApp", "MiddlewareApp\MiddlewareApp.csproj", "{9D94E993-D1E1-4B6B-BF67-7072506694E5}"
EndProject
Project("{9A19103F-16F7-4668-BE54-9A1E7A4F7556}") = "MiddlewareWebApi", "MiddlewareWebApi\MiddlewareWebApi.csproj", "{A4981E43-1037-45A9-BADF-639986597A2E}"
EndProject
Project("{9A19103F-16F7-4668-BE54-9A1E7A4F7556}") = "ConfigurationApp", "ConfigurationApp\ConfigurationApp.csproj", "{F5F64FF6-3454-4D09-AE90-29F08AA3884B}"
EndProject
Project("{9A19103F-16F7-4668-BE54-9A1E7A4F7556}") = "LoggingApp", "LoggingApp\LoggingApp.csproj", "{BE9269E5-BA97-47A4-ABDE-B5DD8A43B7E0}"
EndProject
Project("{9A19103F-16F7-4668-BE54-9A1E7A4F7556}") = "RoutingApp", "RoutingApp\RoutingApp.csproj", "{9CF6CA4D-0EAF-4D44-A328-253496307E4C}"
EndProject
Project("{9A19103F-16F7-4668-BE54-9A1E7A4F7556}") = "ModelBindingApp", "ModelBindingApp\ModelBindingApp.csproj", "{158E7161-CC0A-458E-9019-12452637A3C3}"
EndProject
Project("{9A19103F-16F7-4668-BE54-9A1E7A4F7556}") = "ModelValidationApp", "ModelValidationApp\ModelValidationApp.csproj", "{87548740-9493-4266-95D5-AF6DF3F336BB}"
EndProject
Project("{9A19103F-16F7-4668-BE54-9A1E7A4F7556}") = "FilterApp", "FilterApp\FilterApp.csproj", "{29FAAE70-BC47-4FC3-9769-B66F44F3BC6B}"
EndProject
Project("{9A19103F-16F7-4668-BE54-9A1E7A4F7556}") = "ExceptionHandlingApp", "ExceptionHandlingApp\ExceptionHandlingApp.csproj", "{E034D7B6-01B3-46D2-BF86-C3C4DE97F19F}"
EndProject
Project("{9A19103F-16F7-4668-BE54-9A1E7A4F7556}") = "ExceptionHandling.Domain", "ExceptionHandling.Domain\ExceptionHandling.Domain.csproj", "{4C6279F1-F1ED-45DB-B061-96444CB9408F}"
EndProject
Project("{9A19103F-16F7-4668-BE54-9A1E7A4F7556}") = "LayeringApp", "LayeringApp\LayeringApp.csproj", "{790D29EB-BC6D-4DD1-B6D6-361FBC3D9D17}"
EndProject
Project("{FAE04EC0-301F-11D3-BF4B-00C04F79EFBC}") = "WeatherApp.BLL", "WeatherApp.BLL\WeatherApp.BLL.csproj", "{C81CDA7A-A186-4734-B452-691BE67368F7}"
EndProject
Project("{FAE04EC0-301F-11D3-BF4B-00C04F79EFBC}") = "WeatherApp.DAL", "WeatherApp.DAL\WeatherApp.DAL.csproj", "{0FF77B8F-5AED-4DE5-918B-F2FF1C406794}"
EndProject
Project("{FAE04EC0-301F-11D3-BF4B-00C04F79EFBC}") = "SpaApp", "SpaApp\SpaApp.csproj", "{1E1790C1-2CE8-4005-AF11-C934EBDBA65C}"
EndProject
Global
	GlobalSection(SolutionConfigurationPlatforms) = preSolution
		Debug|Any CPU = Debug|Any CPU
		Release|Any CPU = Release|Any CPU
	EndGlobalSection
	GlobalSection(ProjectConfigurationPlatforms) = postSolution
		{9D94E993-D1E1-4B6B-BF67-7072506694E5}.Debug|Any CPU.ActiveCfg = Debug|Any CPU
		{9D94E993-D1E1-4B6B-BF67-7072506694E5}.Debug|Any CPU.Build.0 = Debug|Any CPU
		{9D94E993-D1E1-4B6B-BF67-7072506694E5}.Release|Any CPU.ActiveCfg = Release|Any CPU
		{9D94E993-D1E1-4B6B-BF67-7072506694E5}.Release|Any CPU.Build.0 = Release|Any CPU
		{A4981E43-1037-45A9-BADF-639986597A2E}.Debug|Any CPU.ActiveCfg = Debug|Any CPU
		{A4981E43-1037-45A9-BADF-639986597A2E}.Debug|Any CPU.Build.0 = Debug|Any CPU
		{A4981E43-1037-45A9-BADF-639986597A2E}.Release|Any CPU.ActiveCfg = Release|Any CPU
		{A4981E43-1037-45A9-BADF-639986597A2E}.Release|Any CPU.Build.0 = Release|Any CPU
		{F5F64FF6-3454-4D09-AE90-29F08AA3884B}.Debug|Any CPU.ActiveCfg = Debug|Any CPU
		{F5F64FF6-3454-4D09-AE90-29F08AA3884B}.Debug|Any CPU.Build.0 = Debug|Any CPU
		{F5F64FF6-3454-4D09-AE90-29F08AA3884B}.Release|Any CPU.ActiveCfg = Release|Any CPU
		{F5F64FF6-3454-4D09-AE90-29F08AA3884B}.Release|Any CPU.Build.0 = Release|Any CPU
		{BE9269E5-BA97-47A4-ABDE-B5DD8A43B7E0}.Debug|Any CPU.ActiveCfg = Debug|Any CPU
		{BE9269E5-BA97-47A4-ABDE-B5DD8A43B7E0}.Debug|Any CPU.Build.0 = Debug|Any CPU
		{BE9269E5-BA97-47A4-ABDE-B5DD8A43B7E0}.Release|Any CPU.ActiveCfg = Release|Any CPU
		{BE9269E5-BA97-47A4-ABDE-B5DD8A43B7E0}.Release|Any CPU.Build.0 = Release|Any CPU
		{9CF6CA4D-0EAF-4D44-A328-253496307E4C}.Debug|Any CPU.ActiveCfg = Debug|Any CPU
		{9CF6CA4D-0EAF-4D44-A328-253496307E4C}.Debug|Any CPU.Build.0 = Debug|Any CPU
		{9CF6CA4D-0EAF-4D44-A328-253496307E4C}.Release|Any CPU.ActiveCfg = Release|Any CPU
		{9CF6CA4D-0EAF-4D44-A328-253496307E4C}.Release|Any CPU.Build.0 = Release|Any CPU
		{158E7161-CC0A-458E-9019-12452637A3C3}.Debug|Any CPU.ActiveCfg = Debug|Any CPU
		{158E7161-CC0A-458E-9019-12452637A3C3}.Debug|Any CPU.Build.0 = Debug|Any CPU
		{158E7161-CC0A-458E-9019-12452637A3C3}.Release|Any CPU.ActiveCfg = Release|Any CPU
		{158E7161-CC0A-458E-9019-12452637A3C3}.Release|Any CPU.Build.0 = Release|Any CPU
		{87548740-9493-4266-95D5-AF6DF3F336BB}.Debug|Any CPU.ActiveCfg = Debug|Any CPU
		{87548740-9493-4266-95D5-AF6DF3F336BB}.Debug|Any CPU.Build.0 = Debug|Any CPU
		{87548740-9493-4266-95D5-AF6DF3F336BB}.Release|Any CPU.ActiveCfg = Release|Any CPU
		{87548740-9493-4266-95D5-AF6DF3F336BB}.Release|Any CPU.Build.0 = Release|Any CPU
		{29FAAE70-BC47-4FC3-9769-B66F44F3BC6B}.Debug|Any CPU.ActiveCfg = Debug|Any CPU
		{29FAAE70-BC47-4FC3-9769-B66F44F3BC6B}.Debug|Any CPU.Build.0 = Debug|Any CPU
		{29FAAE70-BC47-4FC3-9769-B66F44F3BC6B}.Release|Any CPU.ActiveCfg = Release|Any CPU
		{29FAAE70-BC47-4FC3-9769-B66F44F3BC6B}.Release|Any CPU.Build.0 = Release|Any CPU
		{E034D7B6-01B3-46D2-BF86-C3C4DE97F19F}.Debug|Any CPU.ActiveCfg = Debug|Any CPU
		{E034D7B6-01B3-46D2-BF86-C3C4DE97F19F}.Debug|Any CPU.Build.0 = Debug|Any CPU
		{E034D7B6-01B3-46D2-BF86-C3C4DE97F19F}.Release|Any CPU.ActiveCfg = Release|Any CPU
		{E034D7B6-01B3-46D2-BF86-C3C4DE97F19F}.Release|Any CPU.Build.0 = Release|Any CPU
		{4C6279F1-F1ED-45DB-B061-96444CB9408F}.Debug|Any CPU.ActiveCfg = Debug|Any CPU
		{4C6279F1-F1ED-45DB-B061-96444CB9408F}.Debug|Any CPU.Build.0 = Debug|Any CPU
		{4C6279F1-F1ED-45DB-B061-96444CB9408F}.Release|Any CPU.ActiveCfg = Release|Any CPU
		{4C6279F1-F1ED-45DB-B061-96444CB9408F}.Release|Any CPU.Build.0 = Release|Any CPU
		{790D29EB-BC6D-4DD1-B6D6-361FBC3D9D17}.Debug|Any CPU.ActiveCfg = Debug|Any CPU
		{790D29EB-BC6D-4DD1-B6D6-361FBC3D9D17}.Debug|Any CPU.Build.0 = Debug|Any CPU
		{790D29EB-BC6D-4DD1-B6D6-361FBC3D9D17}.Release|Any CPU.ActiveCfg = Release|Any CPU
		{790D29EB-BC6D-4DD1-B6D6-361FBC3D9D17}.Release|Any CPU.Build.0 = Release|Any CPU
		{C81CDA7A-A186-4734-B452-691BE67368F7}.Debug|Any CPU.ActiveCfg = Debug|Any CPU
		{C81CDA7A-A186-4734-B452-691BE67368F7}.Debug|Any CPU.Build.0 = Debug|Any CPU
		{C81CDA7A-A186-4734-B452-691BE67368F7}.Release|Any CPU.ActiveCfg = Release|Any CPU
		{C81CDA7A-A186-4734-B452-691BE67368F7}.Release|Any CPU.Build.0 = Release|Any CPU
		{0FF77B8F-5AED-4DE5-918B-F2FF1C406794}.Debug|Any CPU.ActiveCfg = Debug|Any CPU
		{0FF77B8F-5AED-4DE5-918B-F2FF1C406794}.Debug|Any CPU.Build.0 = Debug|Any CPU
		{0FF77B8F-5AED-4DE5-918B-F2FF1C406794}.Release|Any CPU.ActiveCfg = Release|Any CPU
		{0FF77B8F-5AED-4DE5-918B-F2FF1C406794}.Release|Any CPU.Build.0 = Release|Any CPU
		{1E1790C1-2CE8-4005-AF11-C934EBDBA65C}.Debug|Any CPU.ActiveCfg = Debug|Any CPU
		{1E1790C1-2CE8-4005-AF11-C934EBDBA65C}.Debug|Any CPU.Build.0 = Debug|Any CPU
		{1E1790C1-2CE8-4005-AF11-C934EBDBA65C}.Release|Any CPU.ActiveCfg = Release|Any CPU
		{1E1790C1-2CE8-4005-AF11-C934EBDBA65C}.Release|Any CPU.Build.0 = Release|Any CPU
	EndGlobalSection
	GlobalSection(SolutionProperties) = preSolution
		HideSolutionNode = FALSE
	EndGlobalSection
	GlobalSection(ExtensibilityGlobals) = postSolution
		SolutionGuid = {A086B85F-F56F-497A-87C4-4572E4D46F52}
	EndGlobalSection
EndGlobal
